
Microsoft Visual Studio Solution File, Format Version 12.00
# Visual Studio Version 16
VisualStudioVersion = 16.0.28714.193
MinimumVisualStudioVersion = 10.0.40219.1
Project("{9A19103F-16F7-4668-BE54-9A1E7A4F7556}") = "LetterImages", "LetterImages\LetterImages.csproj", "{CE3C3CDC-A79A-46F0-818B-0E12A6751047}"
EndProject
Global
	GlobalSection(SolutionConfigurationPlatforms) = preSolution
		Debug|Any CPU = Debug|Any CPU
		Release|Any CPU = Release|Any CPU
	EndGlobalSection
	GlobalSection(ProjectConfigurationPlatforms) = postSolution
		{CE3C3CDC-A79A-46F0-818B-0E12A6751047}.Debug|Any CPU.ActiveCfg = Debug|Any CPU
		{CE3C3CDC-A79A-46F0-818B-0E12A6751047}.Debug|Any CPU.Build.0 = Debug|Any CPU
		{CE3C3CDC-A79A-46F0-818B-0E12A6751047}.Release|Any CPU.ActiveCfg = Release|Any CPU
		{CE3C3CDC-A79A-46F0-818B-0E12A6751047}.Release|Any CPU.Build.0 = Release|Any CPU
	EndGlobalSection
	GlobalSection(SolutionProperties) = preSolution
		HideSolutionNode = FALSE
	EndGlobalSection
	GlobalSection(ExtensibilityGlobals) = postSolution
		SolutionGuid = {9A45C5CE-CE34-4A3B-BFEA-A7EF1B168783}
	EndGlobalSection
EndGlobal
